// !$*UTF8*$!
{
	archiveVersion = 1;
	classes = {
	};
	objectVersion = 46;
	objects = {

/* Begin PBXBuildFile section */
		1F82BB761AF2DD3200A8E022 /* AppDelegate.swift in Sources */ = {isa = PBXBuildFile; fileRef = 1F82BB751AF2DD3200A8E022 /* AppDelegate.swift */; };
		1F82BB781AF2DD3200A8E022 /* ViewController.swift in Sources */ = {isa = PBXBuildFile; fileRef = 1F82BB771AF2DD3200A8E022 /* ViewController.swift */; };
		1F82BB7B1AF2DD3200A8E022 /* Main.storyboard in Resources */ = {isa = PBXBuildFile; fileRef = 1F82BB791AF2DD3200A8E022 /* Main.storyboard */; };
		1F82BB7D1AF2DD3200A8E022 /* Images.xcassets in Resources */ = {isa = PBXBuildFile; fileRef = 1F82BB7C1AF2DD3200A8E022 /* Images.xcassets */; };
		1F82BB801AF2DD3200A8E022 /* LaunchScreen.xib in Resources */ = {isa = PBXBuildFile; fileRef = 1F82BB7E1AF2DD3200A8E022 /* LaunchScreen.xib */; };
		1F82BB8C1AF2DD3200A8E022 /* GainzTests.swift in Sources */ = {isa = PBXBuildFile; fileRef = 1F82BB8B1AF2DD3200A8E022 /* GainzTests.swift */; };
/* End PBXBuildFile section */

/* Begin PBXContainerItemProxy section */
		1F82BB861AF2DD3200A8E022 /* PBXContainerItemProxy */ = {
			isa = PBXContainerItemProxy;
			containerPortal = 1F82BB681AF2DD3200A8E022 /* Project object */;
			proxyType = 1;
			remoteGlobalIDString = 1F82BB6F1AF2DD3200A8E022;
			remoteInfo = Gainz;
		};
/* End PBXContainerItemProxy section */

/* Begin PBXFileReference section */
		1F82BB701AF2DD3200A8E022 /* Gainz.app */ = {isa = PBXFileReference; explicitFileType = wrapper.application; includeInIndex = 0; path = Gainz.app; sourceTree = BUILT_PRODUCTS_DIR; };
		1F82BB741AF2DD3200A8E022 /* Info.plist */ = {isa = PBXFileReference; lastKnownFileType = text.plist.xml; path = Info.plist; sourceTree = "<group>"; };
		1F82BB751AF2DD3200A8E022 /* AppDelegate.swift */ = {isa = PBXFileReference; lastKnownFileType = sourcecode.swift; path = AppDelegate.swift; sourceTree = "<group>"; };
		1F82BB771AF2DD3200A8E022 /* ViewController.swift */ = {isa = PBXFileReference; lastKnownFileType = sourcecode.swift; path = ViewController.swift; sourceTree = "<group>"; };
		1F82BB7A1AF2DD3200A8E022 /* Base */ = {isa = PBXFileReference; lastKnownFileType = file.storyboard; name = Base; path = Base.lproj/Main.storyboard; sourceTree = "<group>"; };
		1F82BB7C1AF2DD3200A8E022 /* Images.xcassets */ = {isa = PBXFileReference; lastKnownFileType = folder.assetcatalog; path = Images.xcassets; sourceTree = "<group>"; };
		1F82BB7F1AF2DD3200A8E022 /* Base */ = {isa = PBXFileReference; lastKnownFileType = file.xib; name = Base; path = Base.lproj/LaunchScreen.xib; sourceTree = "<group>"; };
		1F82BB851AF2DD3200A8E022 /* GainzTests.xctest */ = {isa = PBXFileReference; explicitFileType = wrapper.cfbundle; includeInIndex = 0; path = GainzTests.xctest; sourceTree = BUILT_PRODUCTS_DIR; };
		1F82BB8A1AF2DD3200A8E022 /* Info.plist */ = {isa = PBXFileReference; lastKnownFileType = text.plist.xml; path = Info.plist; sourceTree = "<group>"; };
		1F82BB8B1AF2DD3200A8E022 /* GainzTests.swift */ = {isa = PBXFileReference; lastKnownFileType = sourcecode.swift; path = GainzTests.swift; sourceTree = "<group>"; };
/* End PBXFileReference section */

/* Begin PBXFrameworksBuildPhase section */
		1F82BB6D1AF2DD3200A8E022 /* Frameworks */ = {
			isa = PBXFrameworksBuildPhase;
			buildActionMask = 2147483647;
			files = (
			);
			runOnlyForDeploymentPostprocessing = 0;
		};
		1F82BB821AF2DD3200A8E022 /* Frameworks */ = {
			isa = PBXFrameworksBuildPhase;
			buildActionMask = 2147483647;
			files = (
			);
			runOnlyForDeploymentPostprocessing = 0;
		};
/* End PBXFrameworksBuildPhase section */

/* Begin PBXGroup section */
		1F82BB671AF2DD3200A8E022 = {
			isa = PBXGroup;
			children = (
				1F82BB721AF2DD3200A8E022 /* Gainz */,
				1F82BB881AF2DD3200A8E022 /* GainzTests */,
				1F82BB711AF2DD3200A8E022 /* Products */,
			);
			sourceTree = "<group>";
		};
		1F82BB711AF2DD3200A8E022 /* Products */ = {
			isa = PBXGroup;
			children = (
				1F82BB701AF2DD3200A8E022 /* Gainz.app */,
				1F82BB851AF2DD3200A8E022 /* GainzTests.xctest */,
			);
			name = Products;
			sourceTree = "<group>";
		};
		1F82BB721AF2DD3200A8E022 /* Gainz */ = {
			isa = PBXGroup;
			children = (
				1F82BB751AF2DD3200A8E022 /* AppDelegate.swift */,
				1F82BB771AF2DD3200A8E022 /* ViewController.swift */,
				1F82BB791AF2DD3200A8E022 /* Main.storyboard */,
				1F82BB7C1AF2DD3200A8E022 /* Images.xcassets */,
				1F82BB7E1AF2DD3200A8E022 /* LaunchScreen.xib */,
				1F82BB731AF2DD3200A8E022 /* Supporting Files */,
			);
			path = Gainz;
			sourceTree = "<group>";
		};
		1F82BB731AF2DD3200A8E022 /* Supporting Files */ = {
			isa = PBXGroup;
			children = (
				1F82BB741AF2DD3200A8E022 /* Info.plist */,
			);
			name = "Supporting Files";
			sourceTree = "<group>";
		};
		1F82BB881AF2DD3200A8E022 /* GainzTests */ = {
			isa = PBXGroup;
			children = (
				1F82BB8B1AF2DD3200A8E022 /* GainzTests.swift */,
				1F82BB891AF2DD3200A8E022 /* Supporting Files */,
			);
			path = GainzTests;
			sourceTree = "<group>";
		};
		1F82BB891AF2DD3200A8E022 /* Supporting Files */ = {
			isa = PBXGroup;
			children = (
				1F82BB8A1AF2DD3200A8E022 /* Info.plist */,
			);
			name = "Supporting Files";
			sourceTree = "<group>";
		};
/* End PBXGroup section */

/* Begin PBXNativeTarget section */
		1F82BB6F1AF2DD3200A8E022 /* Gainz */ = {
			isa = PBXNativeTarget;
			buildConfigurationList = 1F82BB8F1AF2DD3200A8E022 /* Build configuration list for PBXNativeTarget "Gainz" */;
			buildPhases = (
				1F82BB6C1AF2DD3200A8E022 /* Sources */,
				1F82BB6D1AF2DD3200A8E022 /* Frameworks */,
				1F82BB6E1AF2DD3200A8E022 /* Resources */,
			);
			buildRules = (
			);
			dependencies = (
			);
			name = Gainz;
			productName = Gainz;
			productReference = 1F82BB701AF2DD3200A8E022 /* Gainz.app */;
			productType = "com.apple.product-type.application";
		};
		1F82BB841AF2DD3200A8E022 /* GainzTests */ = {
			isa = PBXNativeTarget;
			buildConfigurationList = 1F82BB921AF2DD3200A8E022 /* Build configuration list for PBXNativeTarget "GainzTests" */;
			buildPhases = (
				1F82BB811AF2DD3200A8E022 /* Sources */,
				1F82BB821AF2DD3200A8E022 /* Frameworks */,
				1F82BB831AF2DD3200A8E022 /* Resources */,
			);
			buildRules = (
			);
			dependencies = (
				1F82BB871AF2DD3200A8E022 /* PBXTargetDependency */,
			);
			name = GainzTests;
			productName = GainzTests;
			productReference = 1F82BB851AF2DD3200A8E022 /* GainzTests.xctest */;
			productType = "com.apple.product-type.bundle.unit-test";
		};
/* End PBXNativeTarget section */

/* Begin PBXProject section */
		1F82BB681AF2DD3200A8E022 /* Project object */ = {
			isa = PBXProject;
			attributes = {
				LastUpgradeCheck = 0640;
				ORGANIZATIONNAME = "Deniz Tolga Turgut";
				TargetAttributes = {
					1F82BB6F1AF2DD3200A8E022 = {
						CreatedOnToolsVersion = 6.4;
					};
					1F82BB841AF2DD3200A8E022 = {
						CreatedOnToolsVersion = 6.4;
						TestTargetID = 1F82BB6F1AF2DD3200A8E022;
					};
				};
			};
			buildConfigurationList = 1F82BB6B1AF2DD3200A8E022 /* Build configuration list for PBXProject "Gainz" */;
			compatibilityVersion = "Xcode 3.2";
			developmentRegion = English;
			hasScannedForEncodings = 0;
			knownRegions = (
				en,
				Base,
			);
			mainGroup = 1F82BB671AF2DD3200A8E022;
			productRefGroup = 1F82BB711AF2DD3200A8E022 /* Products */;
			projectDirPath = "";
			projectRoot = "";
			targets = (
				1F82BB6F1AF2DD3200A8E022 /* Gainz */,
				1F82BB841AF2DD3200A8E022 /* GainzTests */,
			);
		};
/* End PBXProject section */

/* Begin PBXResourcesBuildPhase section */
		1F82BB6E1AF2DD3200A8E022 /* Resources */ = {
			isa = PBXResourcesBuildPhase;
			buildActionMask = 2147483647;
			files = (
				1F82BB7B1AF2DD3200A8E022 /* Main.storyboard in Resources */,
				1F82BB801AF2DD3200A8E022 /* LaunchScreen.xib in Resources */,
				1F82BB7D1AF2DD3200A8E022 /* Images.xcassets in Resources */,
			);
			runOnlyForDeploymentPostprocessing = 0;
		};
		1F82BB831AF2DD3200A8E022 /* Resources */ = {
			isa = PBXResourcesBuildPhase;
			buildActionMask = 2147483647;
			files = (
			);
			runOnlyForDeploymentPostprocessing = 0;
		};
/* End PBXResourcesBuildPhase section */

/* Begin PBXSourcesBuildPhase section */
		1F82BB6C1AF2DD3200A8E022 /* Sources */ = {
			isa = PBXSourcesBuildPhase;
			buildActionMask = 2147483647;
			files = (
				1F82BB781AF2DD3200A8E022 /* ViewController.swift in Sources */,
				1F82BB761AF2DD3200A8E022 /* AppDelegate.swift in Sources */,
			);
			runOnlyForDeploymentPostprocessing = 0;
		};
		1F82BB811AF2DD3200A8E022 /* Sources */ = {
			isa = PBXSourcesBuildPhase;
			buildActionMask = 2147483647;
			files = (
				1F82BB8C1AF2DD3200A8E022 /* GainzTests.swift in Sources */,
			);
			runOnlyForDeploymentPostprocessing = 0;
		};
/* End PBXSourcesBuildPhase section */

/* Begin PBXTargetDependency section */
		1F82BB871AF2DD3200A8E022 /* PBXTargetDependency */ = {
			isa = PBXTargetDependency;
			target = 1F82BB6F1AF2DD3200A8E022 /* Gainz */;
			targetProxy = 1F82BB861AF2DD3200A8E022 /* PBXContainerItemProxy */;
		};
/* End PBXTargetDependency section */

/* Begin PBXVariantGroup section */
		1F82BB791AF2DD3200A8E022 /* Main.storyboard */ = {
			isa = PBXVariantGroup;
			children = (
				1F82BB7A1AF2DD3200A8E022 /* Base */,
			);
			name = Main.storyboard;
			sourceTree = "<group>";
		};
		1F82BB7E1AF2DD3200A8E022 /* LaunchScreen.xib */ = {
			isa = PBXVariantGroup;
			children = (
				1F82BB7F1AF2DD3200A8E022 /* Base */,
			);
			name = LaunchScreen.xib;
			sourceTree = "<group>";
		};
/* End PBXVariantGroup section */

/* Begin XCBuildConfiguration section */
		1F82BB8D1AF2DD3200A8E022 /* Debug */ = {
			isa = XCBuildConfiguration;
			buildSettings = {
				ALWAYS_SEARCH_USER_PATHS = NO;
				CLANG_CXX_LANGUAGE_STANDARD = "gnu++0x";
				CLANG_CXX_LIBRARY = "libc++";
				CLANG_ENABLE_MODULES = YES;
				CLANG_ENABLE_OBJC_ARC = YES;
				CLANG_WARN_BOOL_CONVERSION = YES;
				CLANG_WARN_CONSTANT_CONVERSION = YES;
				CLANG_WARN_DIRECT_OBJC_ISA_USAGE = YES_ERROR;
				CLANG_WARN_EMPTY_BODY = YES;
				CLANG_WARN_ENUM_CONVERSION = YES;
				CLANG_WARN_INT_CONVERSION = YES;
				CLANG_WARN_OBJC_ROOT_CLASS = YES_ERROR;
				CLANG_WARN_UNREACHABLE_CODE = YES;
				CLANG_WARN__DUPLICATE_METHOD_MATCH = YES;
				"CODE_SIGN_IDENTITY[sdk=iphoneos*]" = "iPhone Developer";
				COPY_PHASE_STRIP = NO;
				DEBUG_INFORMATION_FORMAT = "dwarf-with-dsym";
				ENABLE_STRICT_OBJC_MSGSEND = YES;
				GCC_C_LANGUAGE_STANDARD = gnu99;
				GCC_DYNAMIC_NO_PIC = NO;
				GCC_NO_COMMON_BLOCKS = YES;
				GCC_OPTIMIZATION_LEVEL = 0;
				GCC_PREPROCESSOR_DEFINITIONS = (
					"DEBUG=1",
					"$(inherited)",
				);
				GCC_SYMBOLS_PRIVATE_EXTERN = NO;
				GCC_WARN_64_TO_32_BIT_CONVERSION = YES;
				GCC_WARN_ABOUT_RETURN_TYPE = YES_ERROR;
				GCC_WARN_UNDECLARED_SELECTOR = YES;
				GCC_WARN_UNINITIALIZED_AUTOS = YES_AGGRESSIVE;
				GCC_WARN_UNUSED_FUNCTION = YES;
				GCC_WARN_UNUSED_VARIABLE = YES;
				IPHONEOS_DEPLOYMENT_TARGET = 8.4;
				MTL_ENABLE_DEBUG_INFO = YES;
				ONLY_ACTIVE_ARCH = YES;
				SDKROOT = iphoneos;
				SWIFT_OPTIMIZATION_LEVEL = "-Onone";
				TARGETED_DEVICE_FAMILY = "1,2";
			};
			name = Debug;
		};
		1F82BB8E1AF2DD3200A8E022 /* Release */ = {
			isa = XCBuildConfiguration;
			buildSettings = {
				ALWAYS_SEARCH_USER_PATHS = NO;
				CLANG_CXX_LANGUAGE_STANDARD = "gnu++0x";
				CLANG_CXX_LIBRARY = "libc++";
				CLANG_ENABLE_MODULES = YES;
				CLANG_ENABLE_OBJC_ARC = YES;
				CLANG_WARN_BOOL_CONVERSION = YES;
				CLANG_WARN_CONSTANT_CONVERSION = YES;
				CLANG_WARN_DIRECT_OBJC_ISA_USAGE = YES_ERROR;
				CLANG_WARN_EMPTY_BODY = YES;
				CLANG_WARN_ENUM_CONVERSION = YES;
				CLANG_WARN_INT_CONVERSION = YES;
				CLANG_WARN_OBJC_ROOT_CLASS = YES_ERROR;
				CLANG_WARN_UNREACHABLE_CODE = YES;
				CLANG_WARN__DUPLICATE_METHOD_MATCH = YES;
				"CODE_SIGN_IDENTITY[sdk=iphoneos*]" = "iPhone Developer";
				COPY_PHASE_STRIP = NO;
				DEBUG_INFORMATION_FORMAT = "dwarf-with-dsym";
				ENABLE_NS_ASSERTIONS = NO;
				ENABLE_STRICT_OBJC_MSGSEND = YES;
				GCC_C_LANGUAGE_STANDARD = gnu99;
				GCC_NO_COMMON_BLOCKS = YES;
				GCC_WARN_64_TO_32_BIT_CONVERSION = YES;
				GCC_WARN_ABOUT_RETURN_TYPE = YES_ERROR;
				GCC_WARN_UNDECLARED_SELECTOR = YES;
				GCC_WARN_UNINITIALIZED_AUTOS = YES_AGGRESSIVE;
				GCC_WARN_UNUSED_FUNCTION = YES;
				GCC_WARN_UNUSED_VARIABLE = YES;
				IPHONEOS_DEPLOYMENT_TARGET = 8.4;
				MTL_ENABLE_DEBUG_INFO = NO;
				SDKROOT = iphoneos;
				TARGETED_DEVICE_FAMILY = "1,2";
				VALIDATE_PRODUCT = YES;
			};
			name = Release;
		};
		1F82BB901AF2DD3200A8E022 /* Debug */ = {
			isa = XCBuildConfiguration;
			buildSettings = {
				ASSETCATALOG_COMPILER_APPICON_NAME = AppIcon;
				INFOPLIST_FILE = Gainz/Info.plist;
				LD_RUNPATH_SEARCH_PATHS = "$(inherited) @executable_path/Frameworks";
				PRODUCT_NAME = "$(TARGET_NAME)";
			};
			name = Debug;
		};
		1F82BB911AF2DD3200A8E022 /* Release */ = {
			isa = XCBuildConfiguration;
			buildSettings = {
				ASSETCATALOG_COMPILER_APPICON_NAME = AppIcon;
				INFOPLIST_FILE = Gainz/Info.plist;
				LD_RUNPATH_SEARCH_PATHS = "$(inherited) @executable_path/Frameworks";
				PRODUCT_NAME = "$(TARGET_NAME)";
			};
			name = Release;
		};
		1F82BB931AF2DD3200A8E022 /* Debug */ = {
			isa = XCBuildConfiguration;
			buildSettings = {
				BUNDLE_LOADER = "$(TEST_HOST)";
				FRAMEWORK_SEARCH_PATHS = (
					"$(SDKROOT)/Developer/Library/Frameworks",
					"$(inherited)",
				);
				GCC_PREPROCESSOR_DEFINITIONS = (
					"DEBUG=1",
					"$(inherited)",
				);
				INFOPLIST_FILE = GainzTests/Info.plist;
				LD_RUNPATH_SEARCH_PATHS = "$(inherited) @executable_path/Frameworks @loader_path/Frameworks";
				PRODUCT_NAME = "$(TARGET_NAME)";
				TEST_HOST = "$(BUILT_PRODUCTS_DIR)/Gainz.app/Gainz";
			};
			name = Debug;
		};
		1F82BB941AF2DD3200A8E022 /* Release */ = {
			isa = XCBuildConfiguration;
			buildSettings = {
				BUNDLE_LOADER = "$(TEST_HOST)";
				FRAMEWORK_SEARCH_PATHS = (
					"$(SDKROOT)/Developer/Library/Frameworks",
					"$(inherited)",
				);
				INFOPLIST_FILE = GainzTests/Info.plist;
				LD_RUNPATH_SEARCH_PATHS = "$(inherited) @executable_path/Frameworks @loader_path/Frameworks";
				PRODUCT_NAME = "$(TARGET_NAME)";
				TEST_HOST = "$(BUILT_PRODUCTS_DIR)/Gainz.app/Gainz";
			};
			name = Release;
		};
/* End XCBuildConfiguration section */

/* Begin XCConfigurationList section */
		1F82BB6B1AF2DD3200A8E022 /* Build configuration list for PBXProject "Gainz" */ = {
			isa = XCConfigurationList;
			buildConfigurations = (
				1F82BB8D1AF2DD3200A8E022 /* Debug */,
				1F82BB8E1AF2DD3200A8E022 /* Release */,
			);
			defaultConfigurationIsVisible = 0;
			defaultConfigurationName = Release;
		};
		1F82BB8F1AF2DD3200A8E022 /* Build configuration list for PBXNativeTarget "Gainz" */ = {
			isa = XCConfigurationList;
			buildConfigurations = (
				1F82BB901AF2DD3200A8E022 /* Debug */,
				1F82BB911AF2DD3200A8E022 /* Release */,
			);
			defaultConfigurationIsVisible = 0;
		};
		1F82BB921AF2DD3200A8E022 /* Build configuration list for PBXNativeTarget "GainzTests" */ = {
			isa = XCConfigurationList;
			buildConfigurations = (
				1F82BB931AF2DD3200A8E022 /* Debug */,
				1F82BB941AF2DD3200A8E022 /* Release */,
			);
			defaultConfigurationIsVisible = 0;
		};
/* End XCConfigurationList section */
	};
	rootObject = 1F82BB681AF2DD3200A8E022 /* Project object */;
}
